// !$*UTF8*$!
{
	archiveVersion = 1;
	classes = {
	};
	objectVersion = 56;
	objects = {

/* Begin PBXBuildFile section */
		90A452562A3F24FC00A8CD92 /* TheRoot_KickApp.swift in Sources */ = {isa = PBXBuildFile; fileRef = 90A452552A3F24FC00A8CD92 /* TheRoot_KickApp.swift */; };
		90A452582A3F24FC00A8CD92 /* ContentView.swift in Sources */ = {isa = PBXBuildFile; fileRef = 90A452572A3F24FC00A8CD92 /* ContentView.swift */; };
		90A4525A2A3F24FD00A8CD92 /* Assets.xcassets in Resources */ = {isa = PBXBuildFile; fileRef = 90A452592A3F24FD00A8CD92 /* Assets.xcassets */; };
		90A4525D2A3F24FD00A8CD92 /* Preview Assets.xcassets in Resources */ = {isa = PBXBuildFile; fileRef = 90A4525C2A3F24FD00A8CD92 /* Preview Assets.xcassets */; };
		90A452672A3F2DF600A8CD92 /* Kick.wav in Resources */ = {isa = PBXBuildFile; fileRef = 90A452662A3F2DF600A8CD92 /* Kick.wav */; };
/* End PBXBuildFile section */

/* Begin PBXFileReference section */
		90A452522A3F24FC00A8CD92 /* TheRoot-Kick.app */ = {isa = PBXFileReference; explicitFileType = wrapper.application; includeInIndex = 0; path = "TheRoot-Kick.app"; sourceTree = BUILT_PRODUCTS_DIR; };
		90A452552A3F24FC00A8CD92 /* TheRoot_KickApp.swift */ = {isa = PBXFileReference; lastKnownFileType = sourcecode.swift; path = TheRoot_KickApp.swift; sourceTree = "<group>"; };
		90A452572A3F24FC00A8CD92 /* ContentView.swift */ = {isa = PBXFileReference; lastKnownFileType = sourcecode.swift; path = ContentView.swift; sourceTree = "<group>"; };
		90A452592A3F24FD00A8CD92 /* Assets.xcassets */ = {isa = PBXFileReference; lastKnownFileType = folder.assetcatalog; path = Assets.xcassets; sourceTree = "<group>"; };
		90A4525C2A3F24FD00A8CD92 /* Preview Assets.xcassets */ = {isa = PBXFileReference; lastKnownFileType = folder.assetcatalog; path = "Preview Assets.xcassets"; sourceTree = "<group>"; };
		90A4525E2A3F24FD00A8CD92 /* TheRoot_Kick.entitlements */ = {isa = PBXFileReference; lastKnownFileType = text.plist.entitlements; path = TheRoot_Kick.entitlements; sourceTree = "<group>"; };
		90A452662A3F2DF600A8CD92 /* Kick.wav */ = {isa = PBXFileReference; lastKnownFileType = audio.wav; name = Kick.wav; path = ../../../Downloads/Kick.wav; sourceTree = "<group>"; };
/* End PBXFileReference section */

/* Begin PBXFrameworksBuildPhase section */
		90A4524F2A3F24FC00A8CD92 /* Frameworks */ = {
			isa = PBXFrameworksBuildPhase;
			buildActionMask = 2147483647;
			files = (
			);
			runOnlyForDeploymentPostprocessing = 0;
		};
/* End PBXFrameworksBuildPhase section */

/* Begin PBXGroup section */
		90A452492A3F24FC00A8CD92 = {
			isa = PBXGroup;
			children = (
				90A452542A3F24FC00A8CD92 /* TheRoot-Kick */,
				90A452532A3F24FC00A8CD92 /* Products */,
			);
			sourceTree = "<group>";
		};
		90A452532A3F24FC00A8CD92 /* Products */ = {
			isa = PBXGroup;
			children = (
				90A452522A3F24FC00A8CD92 /* TheRoot-Kick.app */,
			);
			name = Products;
			sourceTree = "<group>";
		};
		90A452542A3F24FC00A8CD92 /* TheRoot-Kick */ = {
			isa = PBXGroup;
			children = (
				90A452662A3F2DF600A8CD92 /* Kick.wav */,
				90A452552A3F24FC00A8CD92 /* TheRoot_KickApp.swift */,
				90A452572A3F24FC00A8CD92 /* ContentView.swift */,
				90A452592A3F24FD00A8CD92 /* Assets.xcassets */,
				90A4525E2A3F24FD00A8CD92 /* TheRoot_Kick.entitlements */,
				90A4525B2A3F24FD00A8CD92 /* Preview Content */,
			);
			path = "TheRoot-Kick";
			sourceTree = "<group>";
		};
		90A4525B2A3F24FD00A8CD92 /* Preview Content */ = {
			isa = PBXGroup;
			children = (
				90A4525C2A3F24FD00A8CD92 /* Preview Assets.xcassets */,
			);
			path = "Preview Content";
			sourceTree = "<group>";
		};
/* End PBXGroup section */

/* Begin PBXNativeTarget section */
		90A452512A3F24FC00A8CD92 /* TheRoot-Kick */ = {
			isa = PBXNativeTarget;
			buildConfigurationList = 90A452612A3F24FD00A8CD92 /* Build configuration list for PBXNativeTarget "TheRoot-Kick" */;
			buildPhases = (
				90A4524E2A3F24FC00A8CD92 /* Sources */,
				90A4524F2A3F24FC00A8CD92 /* Frameworks */,
				90A452502A3F24FC00A8CD92 /* Resources */,
			);
			buildRules = (
			);
			dependencies = (
			);
			name = "TheRoot-Kick";
			productName = "TheRoot-Kick";
			productReference = 90A452522A3F24FC00A8CD92 /* TheRoot-Kick.app */;
			productType = "com.apple.product-type.application";
		};
/* End PBXNativeTarget section */

/* Begin PBXProject section */
		90A4524A2A3F24FC00A8CD92 /* Project object */ = {
			isa = PBXProject;
			attributes = {
				BuildIndependentTargetsInParallel = 1;
				LastSwiftUpdateCheck = 1430;
				LastUpgradeCheck = 1430;
				TargetAttributes = {
					90A452512A3F24FC00A8CD92 = {
						CreatedOnToolsVersion = 14.3.1;
					};
				};
			};
			buildConfigurationList = 90A4524D2A3F24FC00A8CD92 /* Build configuration list for PBXProject "TheRoot-Kick" */;
			compatibilityVersion = "Xcode 14.0";
			developmentRegion = en;
			hasScannedForEncodings = 0;
			knownRegions = (
				en,
				Base,
			);
			mainGroup = 90A452492A3F24FC00A8CD92;
			productRefGroup = 90A452532A3F24FC00A8CD92 /* Products */;
			projectDirPath = "";
			projectRoot = "";
			targets = (
				90A452512A3F24FC00A8CD92 /* TheRoot-Kick */,
			);
		};
/* End PBXProject section */

/* Begin PBXResourcesBuildPhase section */
		90A452502A3F24FC00A8CD92 /* Resources */ = {
			isa = PBXResourcesBuildPhase;
			buildActionMask = 2147483647;
			files = (
				90A4525D2A3F24FD00A8CD92 /* Preview Assets.xcassets in Resources */,
				90A452672A3F2DF600A8CD92 /* Kick.wav in Resources */,
				90A4525A2A3F24FD00A8CD92 /* Assets.xcassets in Resources */,
			);
			runOnlyForDeploymentPostprocessing = 0;
		};
/* End PBXResourcesBuildPhase section */

/* Begin PBXSourcesBuildPhase section */
		90A4524E2A3F24FC00A8CD92 /* Sources */ = {
			isa = PBXSourcesBuildPhase;
			buildActionMask = 2147483647;
			files = (
				90A452582A3F24FC00A8CD92 /* ContentView.swift in Sources */,
				90A452562A3F24FC00A8CD92 /* TheRoot_KickApp.swift in Sources */,
			);
			runOnlyForDeploymentPostprocessing = 0;
		};
/* End PBXSourcesBuildPhase section */

/* Begin XCBuildConfiguration section */
		90A4525F2A3F24FD00A8CD92 /* Debug */ = {
			isa = XCBuildConfiguration;
			buildSettings = {
				ALWAYS_SEARCH_USER_PATHS = NO;
				CLANG_ANALYZER_NONNULL = YES;
				CLANG_ANALYZER_NUMBER_OBJECT_CONVERSION = YES_AGGRESSIVE;
				CLANG_CXX_LANGUAGE_STANDARD = "gnu++20";
				CLANG_ENABLE_MODULES = YES;
				CLANG_ENABLE_OBJC_ARC = YES;
				CLANG_ENABLE_OBJC_WEAK = YES;
				CLANG_WARN_BLOCK_CAPTURE_AUTORELEASING = YES;
				CLANG_WARN_BOOL_CONVERSION = YES;
				CLANG_WARN_COMMA = YES;
				CLANG_WARN_CONSTANT_CONVERSION = YES;
				CLANG_WARN_DEPRECATED_OBJC_IMPLEMENTATIONS = YES;
				CLANG_WARN_DIRECT_OBJC_ISA_USAGE = YES_ERROR;
				CLANG_WARN_DOCUMENTATION_COMMENTS = YES;
				CLANG_WARN_EMPTY_BODY = YES;
				CLANG_WARN_ENUM_CONVERSION = YES;
				CLANG_WARN_INFINITE_RECURSION = YES;
				CLANG_WARN_INT_CONVERSION = YES;
				CLANG_WARN_NON_LITERAL_NULL_CONVERSION = YES;
				CLANG_WARN_OBJC_IMPLICIT_RETAIN_SELF = YES;
				CLANG_WARN_OBJC_LITERAL_CONVERSION = YES;
				CLANG_WARN_OBJC_ROOT_CLASS = YES_ERROR;
				CLANG_WARN_QUOTED_INCLUDE_IN_FRAMEWORK_HEADER = YES;
				CLANG_WARN_RANGE_LOOP_ANALYSIS = YES;
				CLANG_WARN_STRICT_PROTOTYPES = YES;
				CLANG_WARN_SUSPICIOUS_MOVE = YES;
				CLANG_WARN_UNGUARDED_AVAILABILITY = YES_AGGRESSIVE;
				CLANG_WARN_UNREACHABLE_CODE = YES;
				CLANG_WARN__DUPLICATE_METHOD_MATCH = YES;
				COPY_PHASE_STRIP = NO;
				DEBUG_INFORMATION_FORMAT = dwarf;
				ENABLE_STRICT_OBJC_MSGSEND = YES;
				ENABLE_TESTABILITY = YES;
				GCC_C_LANGUAGE_STANDARD = gnu11;
				GCC_DYNAMIC_NO_PIC = NO;
				GCC_NO_COMMON_BLOCKS = YES;
				GCC_OPTIMIZATION_LEVEL = 0;
				GCC_PREPROCESSOR_DEFINITIONS = (
					"DEBUG=1",
					"$(inherited)",
				);
				GCC_WARN_64_TO_32_BIT_CONVERSION = YES;
				GCC_WARN_ABOUT_RETURN_TYPE = YES_ERROR;
				GCC_WARN_UNDECLARED_SELECTOR = YES;
				GCC_WARN_UNINITIALIZED_AUTOS = YES_AGGRESSIVE;
				GCC_WARN_UNUSED_FUNCTION = YES;
				GCC_WARN_UNUSED_VARIABLE = YES;
				MACOSX_DEPLOYMENT_TARGET = 13.2;
				MTL_ENABLE_DEBUG_INFO = INCLUDE_SOURCE;
				MTL_FAST_MATH = YES;
				ONLY_ACTIVE_ARCH = YES;
				SDKROOT = macosx;
				SWIFT_ACTIVE_COMPILATION_CONDITIONS = DEBUG;
				SWIFT_OPTIMIZATION_LEVEL = "-Onone";
			};
			name = Debug;
		};
		90A452602A3F24FD00A8CD92 /* Release */ = {
			isa = XCBuildConfiguration;
			buildSettings = {
				ALWAYS_SEARCH_USER_PATHS = NO;
				CLANG_ANALYZER_NONNULL = YES;
				CLANG_ANALYZER_NUMBER_OBJECT_CONVERSION = YES_AGGRESSIVE;
				CLANG_CXX_LANGUAGE_STANDARD = "gnu++20";
				CLANG_ENABLE_MODULES = YES;
				CLANG_ENABLE_OBJC_ARC = YES;
				CLANG_ENABLE_OBJC_WEAK = YES;
				CLANG_WARN_BLOCK_CAPTURE_AUTORELEASING = YES;
				CLANG_WARN_BOOL_CONVERSION = YES;
				CLANG_WARN_COMMA = YES;
				CLANG_WARN_CONSTANT_CONVERSION = YES;
				CLANG_WARN_DEPRECATED_OBJC_IMPLEMENTATIONS = YES;
				CLANG_WARN_DIRECT_OBJC_ISA_USAGE = YES_ERROR;
				CLANG_WARN_DOCUMENTATION_COMMENTS = YES;
				CLANG_WARN_EMPTY_BODY = YES;
				CLANG_WARN_ENUM_CONVERSION = YES;
				CLANG_WARN_INFINITE_RECURSION = YES;
				CLANG_WARN_INT_CONVERSION = YES;
				CLANG_WARN_NON_LITERAL_NULL_CONVERSION = YES;
				CLANG_WARN_OBJC_IMPLICIT_RETAIN_SELF = YES;
				CLANG_WARN_OBJC_LITERAL_CONVERSION = YES;
				CLANG_WARN_OBJC_ROOT_CLASS = YES_ERROR;
				CLANG_WARN_QUOTED_INCLUDE_IN_FRAMEWORK_HEADER = YES;
				CLANG_WARN_RANGE_LOOP_ANALYSIS = YES;
				CLANG_WARN_STRICT_PROTOTYPES = YES;
				CLANG_WARN_SUSPICIOUS_MOVE = YES;
				CLANG_WARN_UNGUARDED_AVAILABILITY = YES_AGGRESSIVE;
				CLANG_WARN_UNREACHABLE_CODE = YES;
				CLANG_WARN__DUPLICATE_METHOD_MATCH = YES;
				COPY_PHASE_STRIP = NO;
				DEBUG_INFORMATION_FORMAT = "dwarf-with-dsym";
				ENABLE_NS_ASSERTIONS = NO;
				ENABLE_STRICT_OBJC_MSGSEND = YES;
				GCC_C_LANGUAGE_STANDARD = gnu11;
				GCC_NO_COMMON_BLOCKS = YES;
				GCC_WARN_64_TO_32_BIT_CONVERSION = YES;
				GCC_WARN_ABOUT_RETURN_TYPE = YES_ERROR;
				GCC_WARN_UNDECLARED_SELECTOR = YES;
				GCC_WARN_UNINITIALIZED_AUTOS = YES_AGGRESSIVE;
				GCC_WARN_UNUSED_FUNCTION = YES;
				GCC_WARN_UNUSED_VARIABLE = YES;
				MACOSX_DEPLOYMENT_TARGET = 13.2;
				MTL_ENABLE_DEBUG_INFO = NO;
				MTL_FAST_MATH = YES;
				SDKROOT = macosx;
				SWIFT_COMPILATION_MODE = wholemodule;
				SWIFT_OPTIMIZATION_LEVEL = "-O";
			};
			name = Release;
		};
		90A452622A3F24FD00A8CD92 /* Debug */ = {
			isa = XCBuildConfiguration;
			buildSettings = {
				ASSETCATALOG_COMPILER_APPICON_NAME = AppIcon;
				ASSETCATALOG_COMPILER_GLOBAL_ACCENT_COLOR_NAME = AccentColor;
				CODE_SIGN_ENTITLEMENTS = "TheRoot-Kick/TheRoot_Kick.entitlements";
				CODE_SIGN_STYLE = Automatic;
				COMBINE_HIDPI_IMAGES = YES;
				CURRENT_PROJECT_VERSION = 1;
				DEVELOPMENT_ASSET_PATHS = "\"TheRoot-Kick/Preview Content\"";
				DEVELOPMENT_TEAM = 63UM6H56P2;
				ENABLE_HARDENED_RUNTIME = YES;
				ENABLE_PREVIEWS = YES;
				GENERATE_INFOPLIST_FILE = YES;
				INFOPLIST_KEY_NSHumanReadableCopyright = "";
				LD_RUNPATH_SEARCH_PATHS = (
					"$(inherited)",
					"@executable_path/../Frameworks",
				);
				MARKETING_VERSION = 1.0;
				PRODUCT_BUNDLE_IDENTIFIER = "study.TheRoot-Kick";
				PRODUCT_NAME = "$(TARGET_NAME)";
				SWIFT_EMIT_LOC_STRINGS = YES;
				SWIFT_VERSION = 5.0;
			};
			name = Debug;
		};
		90A452632A3F24FD00A8CD92 /* Release */ = {
			isa = XCBuildConfiguration;
			buildSettings = {
				ASSETCATALOG_COMPILER_APPICON_NAME = AppIcon;
				ASSETCATALOG_COMPILER_GLOBAL_ACCENT_COLOR_NAME = AccentColor;
				CODE_SIGN_ENTITLEMENTS = "TheRoot-Kick/TheRoot_Kick.entitlements";
				CODE_SIGN_STYLE = Automatic;
				COMBINE_HIDPI_IMAGES = YES;
				CURRENT_PROJECT_VERSION = 1;
				DEVELOPMENT_ASSET_PATHS = "\"TheRoot-Kick/Preview Content\"";
				DEVELOPMENT_TEAM = 63UM6H56P2;
				ENABLE_HARDENED_RUNTIME = YES;
				ENABLE_PREVIEWS = YES;
				GENERATE_INFOPLIST_FILE = YES;
				INFOPLIST_KEY_NSHumanReadableCopyright = "";
				LD_RUNPATH_SEARCH_PATHS = (
					"$(inherited)",
					"@executable_path/../Frameworks",
				);
				MARKETING_VERSION = 1.0;
				PRODUCT_BUNDLE_IDENTIFIER = "study.TheRoot-Kick";
				PRODUCT_NAME = "$(TARGET_NAME)";
				SWIFT_EMIT_LOC_STRINGS = YES;
				SWIFT_VERSION = 5.0;
			};
			name = Release;
		};
/* End XCBuildConfiguration section */

/* Begin XCConfigurationList section */
		90A4524D2A3F24FC00A8CD92 /* Build configuration list for PBXProject "TheRoot-Kick" */ = {
			isa = XCConfigurationList;
			buildConfigurations = (
				90A4525F2A3F24FD00A8CD92 /* Debug */,
				90A452602A3F24FD00A8CD92 /* Release */,
			);
			defaultConfigurationIsVisible = 0;
			defaultConfigurationName = Release;
		};
		90A452612A3F24FD00A8CD92 /* Build configuration list for PBXNativeTarget "TheRoot-Kick" */ = {
			isa = XCConfigurationList;
			buildConfigurations = (
				90A452622A3F24FD00A8CD92 /* Debug */,
				90A452632A3F24FD00A8CD92 /* Release */,
			);
			defaultConfigurationIsVisible = 0;
			defaultConfigurationName = Release;
		};
/* End XCConfigurationList section */
	};
	rootObject = 90A4524A2A3F24FC00A8CD92 /* Project object */;
}
